
Microsoft Visual Studio Solution File, Format Version 12.00
# Visual Studio Version 17
VisualStudioVersion = 17.8.34322.80
MinimumVisualStudioVersion = 10.0.40219.1
Project("{FAE04EC0-301F-11D3-BF4B-00C04F79EFBC}") = "30.2 - Equilibrio Gas", "30.2 - Equilibrio Gas.csproj", "{B392CF52-2286-4F18-B7BD-AA790F3A197E}"
EndProject
Global
	GlobalSection(SolutionConfigurationPlatforms) = preSolution
		Debug|Any CPU = Debug|Any CPU
		Release|Any CPU = Release|Any CPU
	EndGlobalSection
	GlobalSection(ProjectConfigurationPlatforms) = postSolution
		{B392CF52-2286-4F18-B7BD-AA790F3A197E}.Debug|Any CPU.ActiveCfg = Debug|Any CPU
		{B392CF52-2286-4F18-B7BD-AA790F3A197E}.Debug|Any CPU.Build.0 = Debug|Any CPU
		{B392CF52-2286-4F18-B7BD-AA790F3A197E}.Release|Any CPU.ActiveCfg = Release|Any CPU
		{B392CF52-2286-4F18-B7BD-AA790F3A197E}.Release|Any CPU.Build.0 = Release|Any CPU
	EndGlobalSection
	GlobalSection(SolutionProperties) = preSolution
		HideSolutionNode = FALSE
	EndGlobalSection
	GlobalSection(ExtensibilityGlobals) = postSolution
		SolutionGuid = {D0D347DF-91F5-441A-806B-0875A63FB623}
	EndGlobalSection
EndGlobal
